
Microsoft Visual Studio Solution File, Format Version 12.00
# Visual Studio Version 17
VisualStudioVersion = 17.3.32929.385
MinimumVisualStudioVersion = 10.0.40219.1
Project("{FAE04EC0-301F-11D3-BF4B-00C04F79EFBC}") = "Encapsulamento", "Encapsulamento\Encapsulamento.csproj", "{8A1E2C66-9F98-4A59-B0F3-4475AF7C1BEE}"
EndProject
Global
	GlobalSection(SolutionConfigurationPlatforms) = preSolution
		Debug|Any CPU = Debug|Any CPU
		Release|Any CPU = Release|Any CPU
	EndGlobalSection
	GlobalSection(ProjectConfigurationPlatforms) = postSolution
		{8A1E2C66-9F98-4A59-B0F3-4475AF7C1BEE}.Debug|Any CPU.ActiveCfg = Debug|Any CPU
		{8A1E2C66-9F98-4A59-B0F3-4475AF7C1BEE}.Debug|Any CPU.Build.0 = Debug|Any CPU
		{8A1E2C66-9F98-4A59-B0F3-4475AF7C1BEE}.Release|Any CPU.ActiveCfg = Release|Any CPU
		{8A1E2C66-9F98-4A59-B0F3-4475AF7C1BEE}.Release|Any CPU.Build.0 = Release|Any CPU
	EndGlobalSection
	GlobalSection(SolutionProperties) = preSolution
		HideSolutionNode = FALSE
	EndGlobalSection
	GlobalSection(ExtensibilityGlobals) = postSolution
		SolutionGuid = {575664C5-BE85-4E90-9C67-A21B19FC7FE1}
	EndGlobalSection
EndGlobal
